
Microsoft Visual Studio Solution File, Format Version 12.00
# Visual Studio Version 17
VisualStudioVersion = 17.11.35327.3
MinimumVisualStudioVersion = 10.0.40219.1
Project("{9A19103F-16F7-4668-BE54-9A1E7A4F7556}") = "CarrinhoCompras", "CarrinhoCompras\CarrinhoCompras.csproj", "{576529E1-92CA-40A8-8A42-CF062E9F0550}"
EndProject
Project("{2150E333-8FDC-42A3-9474-1A3956D46DE8}") = "Services", "Services", "{C7208AE6-F6BD-462E-A4FE-ADD3B99B1242}"
EndProject
Project("{9A19103F-16F7-4668-BE54-9A1E7A4F7556}") = "Usuario", "Usuario\Usuario.csproj", "{E0B5F7D6-A1A4-437C-9F9B-1BA38CF07447}"
EndProject
Project("{2150E333-8FDC-42A3-9474-1A3956D46DE8}") = "BuildingBlocks", "BuildingBlocks", "{38F9868B-AF29-4999-BD26-CDBB46D5FC92}"
EndProject
Project("{9A19103F-16F7-4668-BE54-9A1E7A4F7556}") = "WebHost.Customization", "WebHost.Customization\WebHost.Customization.csproj", "{620347DE-314B-4554-86C4-3F76710F33DA}"
EndProject
Project("{FAE04EC0-301F-11D3-BF4B-00C04F79EFBC}") = "Produtos", "Produtos\Produtos.csproj", "{0FBD31EF-DAAE-4BC0-84FB-8470DF6EAF59}"
EndProject
Global
	GlobalSection(SolutionConfigurationPlatforms) = preSolution
		Debug|Any CPU = Debug|Any CPU
		Release|Any CPU = Release|Any CPU
	EndGlobalSection
	GlobalSection(ProjectConfigurationPlatforms) = postSolution
		{576529E1-92CA-40A8-8A42-CF062E9F0550}.Debug|Any CPU.ActiveCfg = Debug|Any CPU
		{576529E1-92CA-40A8-8A42-CF062E9F0550}.Debug|Any CPU.Build.0 = Debug|Any CPU
		{576529E1-92CA-40A8-8A42-CF062E9F0550}.Release|Any CPU.ActiveCfg = Release|Any CPU
		{576529E1-92CA-40A8-8A42-CF062E9F0550}.Release|Any CPU.Build.0 = Release|Any CPU
		{E0B5F7D6-A1A4-437C-9F9B-1BA38CF07447}.Debug|Any CPU.ActiveCfg = Debug|Any CPU
		{E0B5F7D6-A1A4-437C-9F9B-1BA38CF07447}.Debug|Any CPU.Build.0 = Debug|Any CPU
		{E0B5F7D6-A1A4-437C-9F9B-1BA38CF07447}.Release|Any CPU.ActiveCfg = Release|Any CPU
		{E0B5F7D6-A1A4-437C-9F9B-1BA38CF07447}.Release|Any CPU.Build.0 = Release|Any CPU
		{620347DE-314B-4554-86C4-3F76710F33DA}.Debug|Any CPU.ActiveCfg = Debug|Any CPU
		{620347DE-314B-4554-86C4-3F76710F33DA}.Debug|Any CPU.Build.0 = Debug|Any CPU
		{620347DE-314B-4554-86C4-3F76710F33DA}.Release|Any CPU.ActiveCfg = Release|Any CPU
		{620347DE-314B-4554-86C4-3F76710F33DA}.Release|Any CPU.Build.0 = Release|Any CPU
		{0FBD31EF-DAAE-4BC0-84FB-8470DF6EAF59}.Debug|Any CPU.ActiveCfg = Debug|Any CPU
		{0FBD31EF-DAAE-4BC0-84FB-8470DF6EAF59}.Debug|Any CPU.Build.0 = Debug|Any CPU
		{0FBD31EF-DAAE-4BC0-84FB-8470DF6EAF59}.Release|Any CPU.ActiveCfg = Release|Any CPU
		{0FBD31EF-DAAE-4BC0-84FB-8470DF6EAF59}.Release|Any CPU.Build.0 = Release|Any CPU
	EndGlobalSection
	GlobalSection(SolutionProperties) = preSolution
		HideSolutionNode = FALSE
	EndGlobalSection
	GlobalSection(NestedProjects) = preSolution
		{576529E1-92CA-40A8-8A42-CF062E9F0550} = {C7208AE6-F6BD-462E-A4FE-ADD3B99B1242}
		{E0B5F7D6-A1A4-437C-9F9B-1BA38CF07447} = {C7208AE6-F6BD-462E-A4FE-ADD3B99B1242}
		{620347DE-314B-4554-86C4-3F76710F33DA} = {38F9868B-AF29-4999-BD26-CDBB46D5FC92}
		{0FBD31EF-DAAE-4BC0-84FB-8470DF6EAF59} = {C7208AE6-F6BD-462E-A4FE-ADD3B99B1242}
	EndGlobalSection
	GlobalSection(ExtensibilityGlobals) = postSolution
		SolutionGuid = {BE2FED03-D7E8-488C-9F25-3309AF3A1DB1}
	EndGlobalSection
EndGlobal
